
Microsoft Visual Studio Solution File, Format Version 12.00
# Visual Studio 15
VisualStudioVersion = 15.0.27703.2042
MinimumVisualStudioVersion = 10.0.40219.1
Project("{8BC9CEB8-8B4A-11D0-8D11-00A0C91BC942}") = "20.08.2018", "20.08.2018\20.08.2018.vcxproj", "{ECA6CEB7-8692-4556-A814-2D28D955C48D}"
EndProject
Global
	GlobalSection(SolutionConfigurationPlatforms) = preSolution
		Debug|x64 = Debug|x64
		Debug|x86 = Debug|x86
		Release|x64 = Release|x64
		Release|x86 = Release|x86
	EndGlobalSection
	GlobalSection(ProjectConfigurationPlatforms) = postSolution
		{ECA6CEB7-8692-4556-A814-2D28D955C48D}.Debug|x64.ActiveCfg = Debug|x64
		{ECA6CEB7-8692-4556-A814-2D28D955C48D}.Debug|x64.Build.0 = Debug|x64
		{ECA6CEB7-8692-4556-A814-2D28D955C48D}.Debug|x86.ActiveCfg = Debug|Win32
		{ECA6CEB7-8692-4556-A814-2D28D955C48D}.Debug|x86.Build.0 = Debug|Win32
		{ECA6CEB7-8692-4556-A814-2D28D955C48D}.Release|x64.ActiveCfg = Release|x64
		{ECA6CEB7-8692-4556-A814-2D28D955C48D}.Release|x64.Build.0 = Release|x64
		{ECA6CEB7-8692-4556-A814-2D28D955C48D}.Release|x86.ActiveCfg = Release|Win32
		{ECA6CEB7-8692-4556-A814-2D28D955C48D}.Release|x86.Build.0 = Release|Win32
	EndGlobalSection
	GlobalSection(SolutionProperties) = preSolution
		HideSolutionNode = FALSE
	EndGlobalSection
	GlobalSection(ExtensibilityGlobals) = postSolution
		SolutionGuid = {3AD641DD-BC55-448F-B597-F0168E7217CC}
	EndGlobalSection
EndGlobal
